
Microsoft Visual Studio Solution File, Format Version 12.00
#
Project("{FAE04EC0-301F-11D3-BF4B-00C04F79EFBC}") = "Core", "Core\Core.csproj", "{02536201-3BA0-4042-9D13-C1785033A041}"
EndProject
Project("{FAE04EC0-301F-11D3-BF4B-00C04F79EFBC}") = "Application", "Application\Application.csproj", "{011383AF-77F7-433E-ABCD-30B4B12309FC}"
EndProject
Project("{FAE04EC0-301F-11D3-BF4B-00C04F79EFBC}") = "Tests", "Tests\Tests.csproj", "{D38A1EE7-157F-4663-83A2-0B74BDEF6DA6}"
EndProject
Project("{FAE04EC0-301F-11D3-BF4B-00C04F79EFBC}") = "InvestorAPI", "InvestorAPI\InvestorAPI.csproj", "{E37B93AA-BD8F-41B3-8837-BD70537005F6}"
EndProject
Project("{FAE04EC0-301F-11D3-BF4B-00C04F79EFBC}") = "Persistence", "Persistence\Persistence.csproj", "{BFA4D9A8-7429-4A4A-BC5E-3F1396DFBA5C}"
EndProject
Project("{FAE04EC0-301F-11D3-BF4B-00C04F79EFBC}") = "Infrastructure", "Infrastructure\Infrastructure.csproj", "{455BA0E0-ABA2-4F9E-BD8F-A582E2F9517A}"
EndProject
Project("{2150E333-8FDC-42A3-9474-1A3956D46DE8}") = "Loh", "Loh", "{94F06CA4-5884-42BD-ADC7-0D690BE5EBA5}"
	ProjectSection(SolutionItems) = preProject
		..\..\docker-compose.yml = ..\..\docker-compose.yml
	EndProjectSection
EndProject
Global
	GlobalSection(SolutionConfigurationPlatforms) = preSolution
		Debug|Any CPU = Debug|Any CPU
		Release|Any CPU = Release|Any CPU
	EndGlobalSection
	GlobalSection(ProjectConfigurationPlatforms) = postSolution
		{02536201-3BA0-4042-9D13-C1785033A041}.Debug|Any CPU.ActiveCfg = Debug|Any CPU
		{02536201-3BA0-4042-9D13-C1785033A041}.Debug|Any CPU.Build.0 = Debug|Any CPU
		{02536201-3BA0-4042-9D13-C1785033A041}.Release|Any CPU.ActiveCfg = Release|Any CPU
		{02536201-3BA0-4042-9D13-C1785033A041}.Release|Any CPU.Build.0 = Release|Any CPU
		{011383AF-77F7-433E-ABCD-30B4B12309FC}.Debug|Any CPU.ActiveCfg = Debug|Any CPU
		{011383AF-77F7-433E-ABCD-30B4B12309FC}.Debug|Any CPU.Build.0 = Debug|Any CPU
		{011383AF-77F7-433E-ABCD-30B4B12309FC}.Release|Any CPU.ActiveCfg = Release|Any CPU
		{011383AF-77F7-433E-ABCD-30B4B12309FC}.Release|Any CPU.Build.0 = Release|Any CPU
		{D38A1EE7-157F-4663-83A2-0B74BDEF6DA6}.Debug|Any CPU.ActiveCfg = Debug|Any CPU
		{D38A1EE7-157F-4663-83A2-0B74BDEF6DA6}.Debug|Any CPU.Build.0 = Debug|Any CPU
		{D38A1EE7-157F-4663-83A2-0B74BDEF6DA6}.Release|Any CPU.ActiveCfg = Release|Any CPU
		{D38A1EE7-157F-4663-83A2-0B74BDEF6DA6}.Release|Any CPU.Build.0 = Release|Any CPU
		{E37B93AA-BD8F-41B3-8837-BD70537005F6}.Debug|Any CPU.ActiveCfg = Debug|Any CPU
		{E37B93AA-BD8F-41B3-8837-BD70537005F6}.Debug|Any CPU.Build.0 = Debug|Any CPU
		{E37B93AA-BD8F-41B3-8837-BD70537005F6}.Release|Any CPU.ActiveCfg = Release|Any CPU
		{E37B93AA-BD8F-41B3-8837-BD70537005F6}.Release|Any CPU.Build.0 = Release|Any CPU
		{BFA4D9A8-7429-4A4A-BC5E-3F1396DFBA5C}.Debug|Any CPU.ActiveCfg = Debug|Any CPU
		{BFA4D9A8-7429-4A4A-BC5E-3F1396DFBA5C}.Debug|Any CPU.Build.0 = Debug|Any CPU
		{BFA4D9A8-7429-4A4A-BC5E-3F1396DFBA5C}.Release|Any CPU.ActiveCfg = Release|Any CPU
		{BFA4D9A8-7429-4A4A-BC5E-3F1396DFBA5C}.Release|Any CPU.Build.0 = Release|Any CPU
		{455BA0E0-ABA2-4F9E-BD8F-A582E2F9517A}.Debug|Any CPU.ActiveCfg = Debug|Any CPU
		{455BA0E0-ABA2-4F9E-BD8F-A582E2F9517A}.Debug|Any CPU.Build.0 = Debug|Any CPU
		{455BA0E0-ABA2-4F9E-BD8F-A582E2F9517A}.Release|Any CPU.ActiveCfg = Release|Any CPU
		{455BA0E0-ABA2-4F9E-BD8F-A582E2F9517A}.Release|Any CPU.Build.0 = Release|Any CPU
	EndGlobalSection
EndGlobal
